
Microsoft Visual Studio Solution File, Format Version 12.00
# Visual Studio Version 16
VisualStudioVersion = 16.0.29326.143
MinimumVisualStudioVersion = 10.0.40219.1
Project("{9A19103F-16F7-4668-BE54-9A1E7A4F7556}") = "BookListRazor", "BookListRazor\BookListRazor.csproj", "{F5820307-06F2-4A20-B761-B34239127E93}"
EndProject
Project("{FAE04EC0-301F-11D3-BF4B-00C04F79EFBC}") = "BookListMVC", "BookListMVC\BookListMVC.csproj", "{7B93F2C2-CDA0-4B35-9D16-FCD5F1B9D60B}"
EndProject
Global
	GlobalSection(SolutionConfigurationPlatforms) = preSolution
		Debug|Any CPU = Debug|Any CPU
		Release|Any CPU = Release|Any CPU
	EndGlobalSection
	GlobalSection(ProjectConfigurationPlatforms) = postSolution
		{F5820307-06F2-4A20-B761-B34239127E93}.Debug|Any CPU.ActiveCfg = Debug|Any CPU
		{F5820307-06F2-4A20-B761-B34239127E93}.Debug|Any CPU.Build.0 = Debug|Any CPU
		{F5820307-06F2-4A20-B761-B34239127E93}.Release|Any CPU.ActiveCfg = Release|Any CPU
		{F5820307-06F2-4A20-B761-B34239127E93}.Release|Any CPU.Build.0 = Release|Any CPU
		{7B93F2C2-CDA0-4B35-9D16-FCD5F1B9D60B}.Debug|Any CPU.ActiveCfg = Debug|Any CPU
		{7B93F2C2-CDA0-4B35-9D16-FCD5F1B9D60B}.Debug|Any CPU.Build.0 = Debug|Any CPU
		{7B93F2C2-CDA0-4B35-9D16-FCD5F1B9D60B}.Release|Any CPU.ActiveCfg = Release|Any CPU
		{7B93F2C2-CDA0-4B35-9D16-FCD5F1B9D60B}.Release|Any CPU.Build.0 = Release|Any CPU
	EndGlobalSection
	GlobalSection(SolutionProperties) = preSolution
		HideSolutionNode = FALSE
	EndGlobalSection
	GlobalSection(ExtensibilityGlobals) = postSolution
		SolutionGuid = {5845EBFF-AF61-47F5-86B5-E03B1E728895}
	EndGlobalSection
EndGlobal
